
Microsoft Visual Studio Solution File, Format Version 12.00
# Visual Studio Version 16
VisualStudioVersion = 16.0.31605.320
MinimumVisualStudioVersion = 10.0.40219.1
Project("{FAE04EC0-301F-11D3-BF4B-00C04F79EFBC}") = "SailwindStormController", "SailwindStormController\SailwindStormController.csproj", "{FE1275DA-8BCB-4E4F-885B-3E5327CBE0D6}"
EndProject
Global
	GlobalSection(SolutionConfigurationPlatforms) = preSolution
		Debug|Any CPU = Debug|Any CPU
		Release|Any CPU = Release|Any CPU
	EndGlobalSection
	GlobalSection(ProjectConfigurationPlatforms) = postSolution
		{FE1275DA-8BCB-4E4F-885B-3E5327CBE0D6}.Debug|Any CPU.ActiveCfg = Debug|Any CPU
		{FE1275DA-8BCB-4E4F-885B-3E5327CBE0D6}.Debug|Any CPU.Build.0 = Debug|Any CPU
		{FE1275DA-8BCB-4E4F-885B-3E5327CBE0D6}.Release|Any CPU.ActiveCfg = Release|Any CPU
		{FE1275DA-8BCB-4E4F-885B-3E5327CBE0D6}.Release|Any CPU.Build.0 = Release|Any CPU
	EndGlobalSection
	GlobalSection(SolutionProperties) = preSolution
		HideSolutionNode = FALSE
	EndGlobalSection
	GlobalSection(ExtensibilityGlobals) = postSolution
		SolutionGuid = {DB4EE54E-1E88-4581-8511-D6EF133D8ED6}
	EndGlobalSection
EndGlobal
